
Microsoft Visual Studio Solution File, Format Version 11.00
# Visual Studio 2010
Project("{8BC9CEB8-8B4A-11D0-8D11-00A0C91BC942}") = "DebugDetector", "DebugDetector\DebugDetector.vcxproj", "{290D1AC8-C7F5-43F9-977F-E78B8FA59E5D}"
EndProject
Project("{8BC9CEB8-8B4A-11D0-8D11-00A0C91BC942}") = "DD.Plugin.IsDebuggerPresent", "DD.Plugin.IsDebuggerPresent\DD.Plugin.IsDebuggerPresent.vcxproj", "{88549293-AA98-4E27-AA04-2696AAD141FB}"
EndProject
Project("{8BC9CEB8-8B4A-11D0-8D11-00A0C91BC942}") = "DD.Plugin.CheckRemoteDebuggerPresent", "DD.Plugin.CheckRemoteDebuggerPresent\DD.Plugin.CheckRemoteDebuggerPresent.vcxproj", "{55C478DF-FC39-4BB5-A37C-EE81E4BBA12A}"
EndProject
Project("{8BC9CEB8-8B4A-11D0-8D11-00A0C91BC942}") = "DD.Plugin.OutputDebugString", "DD.Plugin.OutputDebugString\DD.Plugin.OutputDebugString.vcxproj", "{7877EF61-890C-4190-B60B-369E1C703BB4}"
EndProject
Project("{8BC9CEB8-8B4A-11D0-8D11-00A0C91BC942}") = "DD.Plugin.OpenCSRSS", "DD.Plugin.OpenCSRSS\DD.Plugin.OpenCSRSS.vcxproj", "{37FD77D1-5F5E-4132-A320-41D97D091F42}"
EndProject
Project("{8BC9CEB8-8B4A-11D0-8D11-00A0C91BC942}") = "DD.Plugin.MemoryBreakpoint", "DD.Plugin.MemoryBreakpoint\DD.Plugin.MemoryBreakpoint.vcxproj", "{81A1BF40-3F97-43E2-B84A-6D787278900F}"
EndProject
Project("{8BC9CEB8-8B4A-11D0-8D11-00A0C91BC942}") = "DD.Plugin.HardwareBreakpoint", "DD.Plugin.HardwareBreakpoint\DD.Plugin.HardwareBreakpoint.vcxproj", "{A2F953E5-622D-4302-A630-E4E4D5988C60}"
EndProject
Project("{8BC9CEB8-8B4A-11D0-8D11-00A0C91BC942}") = "DD.Plugin.ProcessDebugFlag", "DD.Plugin.ProcessDebugFlag\DD.Plugin.ProcessDebugFlag.vcxproj", "{DE1B58DE-B1C1-41CC-8E00-DA072EAB1066}"
EndProject
Project("{8BC9CEB8-8B4A-11D0-8D11-00A0C91BC942}") = "DD.Plugin.DebugObject", "DD.Plugin.DebugObject\DD.Plugin.DebugObject.vcxproj", "{3A3E2EE6-1EC5-4FB2-8009-CE4F1F0A5A6A}"
EndProject
Project("{8BC9CEB8-8B4A-11D0-8D11-00A0C91BC942}") = "DD.Plugin.ParentProcess", "DD.Plugin.ParentProcess\DD.Plugin.ParentProcess.vcxproj", "{1B5C3EB4-63B2-4314-91FE-BC69537262A8}"
EndProject
Project("{8BC9CEB8-8B4A-11D0-8D11-00A0C91BC942}") = "DD.Plugin.UnhandledException", "DD.Plugin.UnhandledException\DD.Plugin.UnhandledException.vcxproj", "{565AFF97-5D1F-43EB-A6CE-DA997EF70D50}"
EndProject
Project("{2150E333-8FDC-42A3-9474-1A3956D46DE8}") = "Solution Items", "Solution Items", "{A696071B-0766-46BC-94CE-929530321D6F}"
	ProjectSection(SolutionItems) = preProject
		ReadMe.md = ReadMe.md
	EndProjectSection
EndProject
Project("{8BC9CEB8-8B4A-11D0-8D11-00A0C91BC942}") = "DD.Plugin.PEBDebugFlag", "DD.Plugin.PEBDebugFlag\DD.Plugin.PEBDebugFlag.vcxproj", "{35074703-DCA4-4085-8D5B-548E87B1A6B1}"
EndProject
Project("{8BC9CEB8-8B4A-11D0-8D11-00A0C91BC942}") = "DD.Plugin.PEBGlobalFlags", "DD.Plugin.PEBGlobalFlags\DD.Plugin.PEBGlobalFlags.vcxproj", "{CD4B8AE6-D5A3-4336-B430-09BCEAF874FE}"
EndProject
Project("{8BC9CEB8-8B4A-11D0-8D11-00A0C91BC942}") = "DD.Plugin.PEBProcHeapFlag", "DD.Plugin.PEBProcHeapFlag\DD.Plugin.PEBProcHeapFlag.vcxproj", "{B0370AE7-386D-46AF-AABB-34E5784944FA}"
EndProject
Project("{8BC9CEB8-8B4A-11D0-8D11-00A0C91BC942}") = "DD.Plugin.FindBadProcesses", "DD.Plugin.FindBadProcesses\DD.Plugin.FindBadProcesses.vcxproj", "{FC1FB81C-8272-4B79-B807-1331335DFA0A}"
EndProject
Project("{8BC9CEB8-8B4A-11D0-8D11-00A0C91BC942}") = "DD.Plugin.FindBadWindows", "DD.Plugin.FindBadWindows\DD.Plugin.FindBadWindows.vcxproj", "{83557B77-5625-49F4-B246-BD7BBDB78687}"
EndProject
Project("{8BC9CEB8-8B4A-11D0-8D11-00A0C91BC942}") = "DD.Plugin.FindBadDrivers", "DD.Plugin.FindBadDrivers\DD.Plugin.FindBadDrivers.vcxproj", "{534F66C5-627F-4086-BD7D-D8BA55189E30}"
EndProject
Project("{8BC9CEB8-8B4A-11D0-8D11-00A0C91BC942}") = "DD.Plugin.NTYieldExecution", "DD.Plugin.NTYieldExecution\DD.Plugin.NTYieldExecution.vcxproj", "{8DC5BDB7-BA6F-4495-854F-716F9744D32F}"
EndProject
Project("{8BC9CEB8-8B4A-11D0-8D11-00A0C91BC942}") = "DD.Plugin.CheckHeapMemory", "DD.Plugin.CheckHeapMemory\DD.Plugin.CheckHeapMemory.vcxproj", "{F712449E-CD06-437F-9419-122EC5FDDE9E}"
EndProject
Project("{8BC9CEB8-8B4A-11D0-8D11-00A0C91BC942}") = "DD.Plugin.NtSetDebugFilterState", "DD.Plugin.NtSetDebugFilterState\DD.Plugin.NtSetDebugFilterState.vcxproj", "{B094B4EA-8DB0-4C43-BFA0-BA588C1039AF}"
EndProject
Project("{8BC9CEB8-8B4A-11D0-8D11-00A0C91BC942}") = "DD.Plugin.NTQuerySystemInformation", "DD.Plugin.NTQuerySystemInformation\DD.Plugin.NTQuerySystemInformation.vcxproj", "{67BD4A1D-F977-40A0-A897-177F181D4528}"
EndProject
Global
	GlobalSection(SolutionConfigurationPlatforms) = preSolution
		Debug|Win32 = Debug|Win32
		Debug|x64 = Debug|x64
		Release|Win32 = Release|Win32
		Release|x64 = Release|x64
	EndGlobalSection
	GlobalSection(ProjectConfigurationPlatforms) = postSolution
		{290D1AC8-C7F5-43F9-977F-E78B8FA59E5D}.Debug|Win32.ActiveCfg = Debug|Win32
		{290D1AC8-C7F5-43F9-977F-E78B8FA59E5D}.Debug|Win32.Build.0 = Debug|Win32
		{290D1AC8-C7F5-43F9-977F-E78B8FA59E5D}.Debug|x64.ActiveCfg = Debug|x64
		{290D1AC8-C7F5-43F9-977F-E78B8FA59E5D}.Debug|x64.Build.0 = Debug|x64
		{290D1AC8-C7F5-43F9-977F-E78B8FA59E5D}.Release|Win32.ActiveCfg = Release|Win32
		{290D1AC8-C7F5-43F9-977F-E78B8FA59E5D}.Release|Win32.Build.0 = Release|Win32
		{290D1AC8-C7F5-43F9-977F-E78B8FA59E5D}.Release|x64.ActiveCfg = Release|x64
		{290D1AC8-C7F5-43F9-977F-E78B8FA59E5D}.Release|x64.Build.0 = Release|x64
		{88549293-AA98-4E27-AA04-2696AAD141FB}.Debug|Win32.ActiveCfg = Debug|Win32
		{88549293-AA98-4E27-AA04-2696AAD141FB}.Debug|Win32.Build.0 = Debug|Win32
		{88549293-AA98-4E27-AA04-2696AAD141FB}.Debug|x64.ActiveCfg = Debug|x64
		{88549293-AA98-4E27-AA04-2696AAD141FB}.Debug|x64.Build.0 = Debug|x64
		{88549293-AA98-4E27-AA04-2696AAD141FB}.Release|Win32.ActiveCfg = Release|Win32
		{88549293-AA98-4E27-AA04-2696AAD141FB}.Release|Win32.Build.0 = Release|Win32
		{88549293-AA98-4E27-AA04-2696AAD141FB}.Release|x64.ActiveCfg = Release|x64
		{88549293-AA98-4E27-AA04-2696AAD141FB}.Release|x64.Build.0 = Release|x64
		{55C478DF-FC39-4BB5-A37C-EE81E4BBA12A}.Debug|Win32.ActiveCfg = Debug|Win32
		{55C478DF-FC39-4BB5-A37C-EE81E4BBA12A}.Debug|Win32.Build.0 = Debug|Win32
		{55C478DF-FC39-4BB5-A37C-EE81E4BBA12A}.Debug|x64.ActiveCfg = Debug|x64
		{55C478DF-FC39-4BB5-A37C-EE81E4BBA12A}.Debug|x64.Build.0 = Debug|x64
		{55C478DF-FC39-4BB5-A37C-EE81E4BBA12A}.Release|Win32.ActiveCfg = Release|Win32
		{55C478DF-FC39-4BB5-A37C-EE81E4BBA12A}.Release|Win32.Build.0 = Release|Win32
		{55C478DF-FC39-4BB5-A37C-EE81E4BBA12A}.Release|x64.ActiveCfg = Release|x64
		{55C478DF-FC39-4BB5-A37C-EE81E4BBA12A}.Release|x64.Build.0 = Release|x64
		{7877EF61-890C-4190-B60B-369E1C703BB4}.Debug|Win32.ActiveCfg = Debug|Win32
		{7877EF61-890C-4190-B60B-369E1C703BB4}.Debug|Win32.Build.0 = Debug|Win32
		{7877EF61-890C-4190-B60B-369E1C703BB4}.Debug|x64.ActiveCfg = Debug|x64
		{7877EF61-890C-4190-B60B-369E1C703BB4}.Release|Win32.ActiveCfg = Release|Win32
		{7877EF61-890C-4190-B60B-369E1C703BB4}.Release|Win32.Build.0 = Release|Win32
		{7877EF61-890C-4190-B60B-369E1C703BB4}.Release|x64.ActiveCfg = Release|x64
		{37FD77D1-5F5E-4132-A320-41D97D091F42}.Debug|Win32.ActiveCfg = Debug|Win32
		{37FD77D1-5F5E-4132-A320-41D97D091F42}.Debug|Win32.Build.0 = Debug|Win32
		{37FD77D1-5F5E-4132-A320-41D97D091F42}.Debug|x64.ActiveCfg = Debug|x64
		{37FD77D1-5F5E-4132-A320-41D97D091F42}.Debug|x64.Build.0 = Debug|x64
		{37FD77D1-5F5E-4132-A320-41D97D091F42}.Release|Win32.ActiveCfg = Release|Win32
		{37FD77D1-5F5E-4132-A320-41D97D091F42}.Release|Win32.Build.0 = Release|Win32
		{37FD77D1-5F5E-4132-A320-41D97D091F42}.Release|x64.ActiveCfg = Release|x64
		{37FD77D1-5F5E-4132-A320-41D97D091F42}.Release|x64.Build.0 = Release|x64
		{81A1BF40-3F97-43E2-B84A-6D787278900F}.Debug|Win32.ActiveCfg = Debug|Win32
		{81A1BF40-3F97-43E2-B84A-6D787278900F}.Debug|Win32.Build.0 = Debug|Win32
		{81A1BF40-3F97-43E2-B84A-6D787278900F}.Debug|x64.ActiveCfg = Debug|x64
		{81A1BF40-3F97-43E2-B84A-6D787278900F}.Release|Win32.ActiveCfg = Release|Win32
		{81A1BF40-3F97-43E2-B84A-6D787278900F}.Release|Win32.Build.0 = Release|Win32
		{81A1BF40-3F97-43E2-B84A-6D787278900F}.Release|x64.ActiveCfg = Release|x64
		{A2F953E5-622D-4302-A630-E4E4D5988C60}.Debug|Win32.ActiveCfg = Debug|Win32
		{A2F953E5-622D-4302-A630-E4E4D5988C60}.Debug|Win32.Build.0 = Debug|Win32
		{A2F953E5-622D-4302-A630-E4E4D5988C60}.Debug|x64.ActiveCfg = Debug|x64
		{A2F953E5-622D-4302-A630-E4E4D5988C60}.Debug|x64.Build.0 = Debug|x64
		{A2F953E5-622D-4302-A630-E4E4D5988C60}.Release|Win32.ActiveCfg = Release|Win32
		{A2F953E5-622D-4302-A630-E4E4D5988C60}.Release|Win32.Build.0 = Release|Win32
		{A2F953E5-622D-4302-A630-E4E4D5988C60}.Release|x64.ActiveCfg = Release|x64
		{A2F953E5-622D-4302-A630-E4E4D5988C60}.Release|x64.Build.0 = Release|x64
		{DE1B58DE-B1C1-41CC-8E00-DA072EAB1066}.Debug|Win32.ActiveCfg = Debug|Win32
		{DE1B58DE-B1C1-41CC-8E00-DA072EAB1066}.Debug|Win32.Build.0 = Debug|Win32
		{DE1B58DE-B1C1-41CC-8E00-DA072EAB1066}.Debug|x64.ActiveCfg = Debug|x64
		{DE1B58DE-B1C1-41CC-8E00-DA072EAB1066}.Debug|x64.Build.0 = Debug|x64
		{DE1B58DE-B1C1-41CC-8E00-DA072EAB1066}.Release|Win32.ActiveCfg = Release|Win32
		{DE1B58DE-B1C1-41CC-8E00-DA072EAB1066}.Release|Win32.Build.0 = Release|Win32
		{DE1B58DE-B1C1-41CC-8E00-DA072EAB1066}.Release|x64.ActiveCfg = Release|x64
		{DE1B58DE-B1C1-41CC-8E00-DA072EAB1066}.Release|x64.Build.0 = Release|x64
		{3A3E2EE6-1EC5-4FB2-8009-CE4F1F0A5A6A}.Debug|Win32.ActiveCfg = Debug|Win32
		{3A3E2EE6-1EC5-4FB2-8009-CE4F1F0A5A6A}.Debug|Win32.Build.0 = Debug|Win32
		{3A3E2EE6-1EC5-4FB2-8009-CE4F1F0A5A6A}.Debug|x64.ActiveCfg = Debug|x64
		{3A3E2EE6-1EC5-4FB2-8009-CE4F1F0A5A6A}.Debug|x64.Build.0 = Debug|x64
		{3A3E2EE6-1EC5-4FB2-8009-CE4F1F0A5A6A}.Release|Win32.ActiveCfg = Release|Win32
		{3A3E2EE6-1EC5-4FB2-8009-CE4F1F0A5A6A}.Release|Win32.Build.0 = Release|Win32
		{3A3E2EE6-1EC5-4FB2-8009-CE4F1F0A5A6A}.Release|x64.ActiveCfg = Release|x64
		{3A3E2EE6-1EC5-4FB2-8009-CE4F1F0A5A6A}.Release|x64.Build.0 = Release|x64
		{1B5C3EB4-63B2-4314-91FE-BC69537262A8}.Debug|Win32.ActiveCfg = Debug|Win32
		{1B5C3EB4-63B2-4314-91FE-BC69537262A8}.Debug|Win32.Build.0 = Debug|Win32
		{1B5C3EB4-63B2-4314-91FE-BC69537262A8}.Debug|x64.ActiveCfg = Debug|x64
		{1B5C3EB4-63B2-4314-91FE-BC69537262A8}.Debug|x64.Build.0 = Debug|x64
		{1B5C3EB4-63B2-4314-91FE-BC69537262A8}.Release|Win32.ActiveCfg = Release|Win32
		{1B5C3EB4-63B2-4314-91FE-BC69537262A8}.Release|Win32.Build.0 = Release|Win32
		{1B5C3EB4-63B2-4314-91FE-BC69537262A8}.Release|x64.ActiveCfg = Release|x64
		{1B5C3EB4-63B2-4314-91FE-BC69537262A8}.Release|x64.Build.0 = Release|x64
		{565AFF97-5D1F-43EB-A6CE-DA997EF70D50}.Debug|Win32.ActiveCfg = Debug|Win32
		{565AFF97-5D1F-43EB-A6CE-DA997EF70D50}.Debug|Win32.Build.0 = Debug|Win32
		{565AFF97-5D1F-43EB-A6CE-DA997EF70D50}.Debug|x64.ActiveCfg = Debug|x64
		{565AFF97-5D1F-43EB-A6CE-DA997EF70D50}.Release|Win32.ActiveCfg = Release|Win32
		{565AFF97-5D1F-43EB-A6CE-DA997EF70D50}.Release|Win32.Build.0 = Release|Win32
		{565AFF97-5D1F-43EB-A6CE-DA997EF70D50}.Release|x64.ActiveCfg = Release|x64
		{35074703-DCA4-4085-8D5B-548E87B1A6B1}.Debug|Win32.ActiveCfg = Debug|Win32
		{35074703-DCA4-4085-8D5B-548E87B1A6B1}.Debug|Win32.Build.0 = Debug|Win32
		{35074703-DCA4-4085-8D5B-548E87B1A6B1}.Debug|x64.ActiveCfg = Debug|x64
		{35074703-DCA4-4085-8D5B-548E87B1A6B1}.Release|Win32.ActiveCfg = Release|Win32
		{35074703-DCA4-4085-8D5B-548E87B1A6B1}.Release|Win32.Build.0 = Release|Win32
		{35074703-DCA4-4085-8D5B-548E87B1A6B1}.Release|x64.ActiveCfg = Release|x64
		{CD4B8AE6-D5A3-4336-B430-09BCEAF874FE}.Debug|Win32.ActiveCfg = Debug|Win32
		{CD4B8AE6-D5A3-4336-B430-09BCEAF874FE}.Debug|Win32.Build.0 = Debug|Win32
		{CD4B8AE6-D5A3-4336-B430-09BCEAF874FE}.Debug|x64.ActiveCfg = Debug|x64
		{CD4B8AE6-D5A3-4336-B430-09BCEAF874FE}.Release|Win32.ActiveCfg = Release|Win32
		{CD4B8AE6-D5A3-4336-B430-09BCEAF874FE}.Release|Win32.Build.0 = Release|Win32
		{CD4B8AE6-D5A3-4336-B430-09BCEAF874FE}.Release|x64.ActiveCfg = Release|x64
		{B0370AE7-386D-46AF-AABB-34E5784944FA}.Debug|Win32.ActiveCfg = Debug|Win32
		{B0370AE7-386D-46AF-AABB-34E5784944FA}.Debug|Win32.Build.0 = Debug|Win32
		{B0370AE7-386D-46AF-AABB-34E5784944FA}.Debug|x64.ActiveCfg = Debug|x64
		{B0370AE7-386D-46AF-AABB-34E5784944FA}.Release|Win32.ActiveCfg = Release|Win32
		{B0370AE7-386D-46AF-AABB-34E5784944FA}.Release|Win32.Build.0 = Release|Win32
		{B0370AE7-386D-46AF-AABB-34E5784944FA}.Release|x64.ActiveCfg = Release|x64
		{FC1FB81C-8272-4B79-B807-1331335DFA0A}.Debug|Win32.ActiveCfg = Debug|Win32
		{FC1FB81C-8272-4B79-B807-1331335DFA0A}.Debug|Win32.Build.0 = Debug|Win32
		{FC1FB81C-8272-4B79-B807-1331335DFA0A}.Debug|x64.ActiveCfg = Debug|x64
		{FC1FB81C-8272-4B79-B807-1331335DFA0A}.Debug|x64.Build.0 = Debug|x64
		{FC1FB81C-8272-4B79-B807-1331335DFA0A}.Release|Win32.ActiveCfg = Release|Win32
		{FC1FB81C-8272-4B79-B807-1331335DFA0A}.Release|Win32.Build.0 = Release|Win32
		{FC1FB81C-8272-4B79-B807-1331335DFA0A}.Release|x64.ActiveCfg = Release|x64
		{FC1FB81C-8272-4B79-B807-1331335DFA0A}.Release|x64.Build.0 = Release|x64
		{83557B77-5625-49F4-B246-BD7BBDB78687}.Debug|Win32.ActiveCfg = Debug|Win32
		{83557B77-5625-49F4-B246-BD7BBDB78687}.Debug|Win32.Build.0 = Debug|Win32
		{83557B77-5625-49F4-B246-BD7BBDB78687}.Debug|x64.ActiveCfg = Debug|x64
		{83557B77-5625-49F4-B246-BD7BBDB78687}.Debug|x64.Build.0 = Debug|x64
		{83557B77-5625-49F4-B246-BD7BBDB78687}.Release|Win32.ActiveCfg = Release|Win32
		{83557B77-5625-49F4-B246-BD7BBDB78687}.Release|Win32.Build.0 = Release|Win32
		{83557B77-5625-49F4-B246-BD7BBDB78687}.Release|x64.ActiveCfg = Release|x64
		{83557B77-5625-49F4-B246-BD7BBDB78687}.Release|x64.Build.0 = Release|x64
		{534F66C5-627F-4086-BD7D-D8BA55189E30}.Debug|Win32.ActiveCfg = Debug|Win32
		{534F66C5-627F-4086-BD7D-D8BA55189E30}.Debug|Win32.Build.0 = Debug|Win32
		{534F66C5-627F-4086-BD7D-D8BA55189E30}.Debug|x64.ActiveCfg = Debug|x64
		{534F66C5-627F-4086-BD7D-D8BA55189E30}.Debug|x64.Build.0 = Debug|x64
		{534F66C5-627F-4086-BD7D-D8BA55189E30}.Release|Win32.ActiveCfg = Release|Win32
		{534F66C5-627F-4086-BD7D-D8BA55189E30}.Release|Win32.Build.0 = Release|Win32
		{534F66C5-627F-4086-BD7D-D8BA55189E30}.Release|x64.ActiveCfg = Release|x64
		{534F66C5-627F-4086-BD7D-D8BA55189E30}.Release|x64.Build.0 = Release|x64
		{8DC5BDB7-BA6F-4495-854F-716F9744D32F}.Debug|Win32.ActiveCfg = Debug|Win32
		{8DC5BDB7-BA6F-4495-854F-716F9744D32F}.Debug|Win32.Build.0 = Debug|Win32
		{8DC5BDB7-BA6F-4495-854F-716F9744D32F}.Debug|x64.ActiveCfg = Debug|x64
		{8DC5BDB7-BA6F-4495-854F-716F9744D32F}.Debug|x64.Build.0 = Debug|x64
		{8DC5BDB7-BA6F-4495-854F-716F9744D32F}.Release|Win32.ActiveCfg = Release|Win32
		{8DC5BDB7-BA6F-4495-854F-716F9744D32F}.Release|Win32.Build.0 = Release|Win32
		{8DC5BDB7-BA6F-4495-854F-716F9744D32F}.Release|x64.ActiveCfg = Release|x64
		{8DC5BDB7-BA6F-4495-854F-716F9744D32F}.Release|x64.Build.0 = Release|x64
		{F712449E-CD06-437F-9419-122EC5FDDE9E}.Debug|Win32.ActiveCfg = Debug|Win32
		{F712449E-CD06-437F-9419-122EC5FDDE9E}.Debug|Win32.Build.0 = Debug|Win32
		{F712449E-CD06-437F-9419-122EC5FDDE9E}.Debug|x64.ActiveCfg = Debug|x64
		{F712449E-CD06-437F-9419-122EC5FDDE9E}.Debug|x64.Build.0 = Debug|x64
		{F712449E-CD06-437F-9419-122EC5FDDE9E}.Release|Win32.ActiveCfg = Release|Win32
		{F712449E-CD06-437F-9419-122EC5FDDE9E}.Release|Win32.Build.0 = Release|Win32
		{F712449E-CD06-437F-9419-122EC5FDDE9E}.Release|x64.ActiveCfg = Release|Win32
		{B094B4EA-8DB0-4C43-BFA0-BA588C1039AF}.Debug|Win32.ActiveCfg = Debug|Win32
		{B094B4EA-8DB0-4C43-BFA0-BA588C1039AF}.Debug|Win32.Build.0 = Debug|Win32
		{B094B4EA-8DB0-4C43-BFA0-BA588C1039AF}.Debug|x64.ActiveCfg = Debug|x64
		{B094B4EA-8DB0-4C43-BFA0-BA588C1039AF}.Debug|x64.Build.0 = Debug|x64
		{B094B4EA-8DB0-4C43-BFA0-BA588C1039AF}.Release|Win32.ActiveCfg = Release|Win32
		{B094B4EA-8DB0-4C43-BFA0-BA588C1039AF}.Release|Win32.Build.0 = Release|Win32
		{B094B4EA-8DB0-4C43-BFA0-BA588C1039AF}.Release|x64.ActiveCfg = Release|Win32
		{67BD4A1D-F977-40A0-A897-177F181D4528}.Debug|Win32.ActiveCfg = Debug|Win32
		{67BD4A1D-F977-40A0-A897-177F181D4528}.Debug|Win32.Build.0 = Debug|Win32
		{67BD4A1D-F977-40A0-A897-177F181D4528}.Debug|x64.ActiveCfg = Debug|x64
		{67BD4A1D-F977-40A0-A897-177F181D4528}.Debug|x64.Build.0 = Debug|x64
		{67BD4A1D-F977-40A0-A897-177F181D4528}.Release|Win32.ActiveCfg = Release|Win32
		{67BD4A1D-F977-40A0-A897-177F181D4528}.Release|Win32.Build.0 = Release|Win32
		{67BD4A1D-F977-40A0-A897-177F181D4528}.Release|x64.ActiveCfg = Release|Win32
	EndGlobalSection
	GlobalSection(SolutionProperties) = preSolution
		HideSolutionNode = FALSE
	EndGlobalSection
EndGlobal
