<?xml version="1.0" encoding="utf-8"?>
<Project ToolsVersion="4.0" xmlns="http://schemas.microsoft.com/developer/msbuild/2003">
  <ItemGroup>
    <Filter Include="Source Files">
      <UniqueIdentifier>{4FC737F1-C7A5-4376-A066-2A32D752A2FF}</UniqueIdentifier>
      <Extensions>cpp;c;cc;cxx;def;odl;idl;hpj;bat;asm;asmx</Extensions>
    </Filter>
    <Filter Include="Header Files">
      <UniqueIdentifier>{93995380-89BD-4b04-88EB-625FBE52EBFB}</UniqueIdentifier>
      <Extensions>h;hpp;hxx;hm;inl;inc;xsd</Extensions>
    </Filter>
    <Filter Include="Resource Files">
      <UniqueIdentifier>{67DA6AB6-F800-4c08-8B7A-83BB121AAD01}</UniqueIdentifier>
      <Extensions>rc;ico;cur;bmp;dlg;rc2;rct;bin;rgs;gif;jpg;jpeg;jpe;resx;tiff;tif;png;wav;mfcribbon-ms</Extensions>
    </Filter>
    <Filter Include="Header Files\Other">
      <UniqueIdentifier>{a442c791-435d-43d3-9545-28196fb75dd9}</UniqueIdentifier>
    </Filter>
    <Filter Include="Header Files\PE Directories">
      <UniqueIdentifier>{f1eddfb5-ad88-4a6f-8516-031af6cbcff1}</UniqueIdentifier>
    </Filter>
    <Filter Include="Header Files\PE Resources">
      <UniqueIdentifier>{5e3db017-30ee-4ba1-878c-9e1fe4155555}</UniqueIdentifier>
    </Filter>
    <Filter Include="Source Files\PE Resources">
      <UniqueIdentifier>{9f2f9f68-41ae-41a6-b8ae-74eb7b966c8f}</UniqueIdentifier>
    </Filter>
    <Filter Include="Source Files\Other">
      <UniqueIdentifier>{58541054-25c2-412f-93c4-c6f3d8da7c70}</UniqueIdentifier>
    </Filter>
    <Filter Include="Source Files\PE Directories">
      <UniqueIdentifier>{8429c41b-f602-42fb-994f-0fa4ee6f0601}</UniqueIdentifier>
    </Filter>
  </ItemGroup>
  <ItemGroup>
    <ClCompile Include="pe_base.cpp">
      <Filter>Source Files</Filter>
    </ClCompile>
    <ClCompile Include="pe_exception.cpp">
      <Filter>Source Files</Filter>
    </ClCompile>
    <ClCompile Include="pe_factory.cpp">
      <Filter>Source Files</Filter>
    </ClCompile>
    <ClCompile Include="pe_section.cpp">
      <Filter>Source Files</Filter>
    </ClCompile>
    <ClCompile Include="pe_debug.cpp">
      <Filter>Source Files\PE Directories</Filter>
    </ClCompile>
    <ClCompile Include="pe_directory.cpp">
      <Filter>Source Files\PE Directories</Filter>
    </ClCompile>
    <ClCompile Include="pe_dotnet.cpp">
      <Filter>Source Files\PE Directories</Filter>
    </ClCompile>
    <ClCompile Include="pe_exception_directory.cpp">
      <Filter>Source Files\PE Directories</Filter>
    </ClCompile>
    <ClCompile Include="pe_exports.cpp">
      <Filter>Source Files\PE Directories</Filter>
    </ClCompile>
    <ClCompile Include="pe_imports.cpp">
      <Filter>Source Files\PE Directories</Filter>
    </ClCompile>
    <ClCompile Include="pe_load_config.cpp">
      <Filter>Source Files\PE Directories</Filter>
    </ClCompile>
    <ClCompile Include="pe_relocations.cpp">
      <Filter>Source Files\PE Directories</Filter>
    </ClCompile>
    <ClCompile Include="pe_resources.cpp">
      <Filter>Source Files\PE Directories</Filter>
    </ClCompile>
    <ClCompile Include="pe_tls.cpp">
      <Filter>Source Files\PE Directories</Filter>
    </ClCompile>
    <ClCompile Include="pe_resource_manager.cpp">
      <Filter>Source Files\PE Resources</Filter>
    </ClCompile>
    <ClCompile Include="pe_rich_data.cpp">
      <Filter>Source Files\Other</Filter>
    </ClCompile>
    <ClCompile Include="entropy.cpp">
      <Filter>Source Files\Other</Filter>
    </ClCompile>
    <ClCompile Include="utils.cpp">
      <Filter>Source Files\Other</Filter>
    </ClCompile>
    <ClCompile Include="message_table.cpp">
      <Filter>Source Files\PE Resources</Filter>
    </ClCompile>
    <ClCompile Include="file_version_info.cpp">
      <Filter>Source Files\PE Resources</Filter>
    </ClCompile>
    <ClCompile Include="version_info_viewer.cpp">
      <Filter>Source Files\PE Resources</Filter>
    </ClCompile>
    <ClCompile Include="version_info_editor.cpp">
      <Filter>Source Files\PE Resources</Filter>
    </ClCompile>
    <ClCompile Include="pe_resource_viewer.cpp">
      <Filter>Source Files\PE Resources</Filter>
    </ClCompile>
    <ClCompile Include="pe_properties_generic.cpp">
      <Filter>Source Files</Filter>
    </ClCompile>
    <ClCompile Include="pe_properties.cpp">
      <Filter>Source Files</Filter>
    </ClCompile>
    <ClCompile Include="pe_checksum.cpp">
      <Filter>Source Files\Other</Filter>
    </ClCompile>
    <ClCompile Include="pe_bound_import.cpp">
      <Filter>Source Files\PE Directories</Filter>
    </ClCompile>
    <ClCompile Include="resource_data_info.cpp">
      <Filter>Source Files\PE Resources</Filter>
    </ClCompile>
    <ClCompile Include="resource_bitmap_reader.cpp">
      <Filter>Source Files\PE Resources</Filter>
    </ClCompile>
    <ClCompile Include="resource_bitmap_writer.cpp">
      <Filter>Source Files\PE Resources</Filter>
    </ClCompile>
    <ClCompile Include="resource_cursor_icon_reader.cpp">
      <Filter>Source Files\PE Resources</Filter>
    </ClCompile>
    <ClCompile Include="resource_cursor_icon_writer.cpp">
      <Filter>Source Files\PE Resources</Filter>
    </ClCompile>
    <ClCompile Include="resource_version_info_reader.cpp">
      <Filter>Source Files\PE Resources</Filter>
    </ClCompile>
    <ClCompile Include="resource_version_info_writer.cpp">
      <Filter>Source Files\PE Resources</Filter>
    </ClCompile>
    <ClCompile Include="resource_string_table_reader.cpp">
      <Filter>Source Files\PE Resources</Filter>
    </ClCompile>
    <ClCompile Include="resource_message_list_reader.cpp">
      <Filter>Source Files\PE Resources</Filter>
    </ClCompile>
    <ClCompile Include="pe_rebuilder.cpp">
      <Filter>Source Files</Filter>
    </ClCompile>
  </ItemGroup>
  <ItemGroup>
    <ClInclude Include="pe_base.h">
      <Filter>Header Files</Filter>
    </ClInclude>
    <ClInclude Include="pe_exception.h">
      <Filter>Header Files</Filter>
    </ClInclude>
    <ClInclude Include="pe_factory.h">
      <Filter>Header Files</Filter>
    </ClInclude>
    <ClInclude Include="pe_structures.h">
      <Filter>Header Files</Filter>
    </ClInclude>
    <ClInclude Include="stdint_defs.h">
      <Filter>Header Files</Filter>
    </ClInclude>
    <ClInclude Include="pe_bliss.h">
      <Filter>Header Files</Filter>
    </ClInclude>
    <ClInclude Include="pe_section.h">
      <Filter>Header Files</Filter>
    </ClInclude>
    <ClInclude Include="pe_bound_import.h">
      <Filter>Header Files\PE Directories</Filter>
    </ClInclude>
    <ClInclude Include="pe_debug.h">
      <Filter>Header Files\PE Directories</Filter>
    </ClInclude>
    <ClInclude Include="pe_directory.h">
      <Filter>Header Files\PE Directories</Filter>
    </ClInclude>
    <ClInclude Include="pe_dotnet.h">
      <Filter>Header Files\PE Directories</Filter>
    </ClInclude>
    <ClInclude Include="pe_exception_directory.h">
      <Filter>Header Files\PE Directories</Filter>
    </ClInclude>
    <ClInclude Include="pe_exports.h">
      <Filter>Header Files\PE Directories</Filter>
    </ClInclude>
    <ClInclude Include="pe_imports.h">
      <Filter>Header Files\PE Directories</Filter>
    </ClInclude>
    <ClInclude Include="pe_relocations.h">
      <Filter>Header Files\PE Directories</Filter>
    </ClInclude>
    <ClInclude Include="pe_resources.h">
      <Filter>Header Files\PE Directories</Filter>
    </ClInclude>
    <ClInclude Include="pe_tls.h">
      <Filter>Header Files\PE Directories</Filter>
    </ClInclude>
    <ClInclude Include="pe_load_config.h">
      <Filter>Header Files\PE Directories</Filter>
    </ClInclude>
    <ClInclude Include="entropy.h">
      <Filter>Header Files\Other</Filter>
    </ClInclude>
    <ClInclude Include="utils.h">
      <Filter>Header Files\Other</Filter>
    </ClInclude>
    <ClInclude Include="pe_rich_data.h">
      <Filter>Header Files\Other</Filter>
    </ClInclude>
    <ClInclude Include="pe_resource_manager.h">
      <Filter>Header Files\PE Resources</Filter>
    </ClInclude>
    <ClInclude Include="message_table.h">
      <Filter>Header Files\PE Resources</Filter>
    </ClInclude>
    <ClInclude Include="file_version_info.h">
      <Filter>Header Files\PE Resources</Filter>
    </ClInclude>
    <ClInclude Include="version_info_viewer.h">
      <Filter>Header Files\PE Resources</Filter>
    </ClInclude>
    <ClInclude Include="pe_resource_viewer.h">
      <Filter>Header Files\PE Resources</Filter>
    </ClInclude>
    <ClInclude Include="version_info_editor.h">
      <Filter>Header Files\PE Resources</Filter>
    </ClInclude>
    <ClInclude Include="resource_internal.h">
      <Filter>Header Files\PE Resources</Filter>
    </ClInclude>
    <ClInclude Include="pe_properties.h">
      <Filter>Header Files</Filter>
    </ClInclude>
    <ClInclude Include="pe_properties_generic.h">
      <Filter>Header Files</Filter>
    </ClInclude>
    <ClInclude Include="pe_checksum.h">
      <Filter>Header Files\Other</Filter>
    </ClInclude>
    <ClInclude Include="pe_bliss_resources.h">
      <Filter>Header Files</Filter>
    </ClInclude>
    <ClInclude Include="resource_data_info.h">
      <Filter>Header Files\PE Resources</Filter>
    </ClInclude>
    <ClInclude Include="resource_bitmap_reader.h">
      <Filter>Header Files\PE Resources</Filter>
    </ClInclude>
    <ClInclude Include="resource_bitmap_writer.h">
      <Filter>Header Files\PE Resources</Filter>
    </ClInclude>
    <ClInclude Include="resource_cursor_icon_reader.h">
      <Filter>Header Files\PE Resources</Filter>
    </ClInclude>
    <ClInclude Include="resource_cursor_icon_writer.h">
      <Filter>Header Files\PE Resources</Filter>
    </ClInclude>
    <ClInclude Include="resource_version_info_reader.h">
      <Filter>Header Files\PE Resources</Filter>
    </ClInclude>
    <ClInclude Include="resource_version_info_writer.h">
      <Filter>Header Files\PE Resources</Filter>
    </ClInclude>
    <ClInclude Include="resource_string_table_reader.h">
      <Filter>Header Files\PE Resources</Filter>
    </ClInclude>
    <ClInclude Include="resource_message_list_reader.h">
      <Filter>Header Files\PE Resources</Filter>
    </ClInclude>
    <ClInclude Include="pe_rebuilder.h">
      <Filter>Header Files</Filter>
    </ClInclude>
    <ClInclude Include="version_info_types.h">
      <Filter>Header Files\PE Resources</Filter>
    </ClInclude>
  </ItemGroup>
  <ItemGroup>
    <None Include="readme.txt" />
  </ItemGroup>
</Project>